<?xml version="1.0"?>
<CONFIG>
  <ProjectOptions>
    <PathDelim Value="/"/>
    <Version Value="7"/>
    <General>
      <Flags>
        <LRSInOutputDirectory Value="False"/>
      </Flags>
      <MainUnit Value="0"/>
      <TargetFileExt Value=""/>
      <Title Value="FluPP"/>
      <ActiveEditorIndexAtStart Value="0"/>
    </General>
    <i18n>
      <EnableI18N Value="True"/>
      <OutDir Value="po/"/>
    </i18n>
    <VersionInfo>
      <UseVersionInfo Value="True"/>
      <AutoIncrementBuild Value="True"/>
      <CurrentVersionNr Value="2"/>
      <CurrentBuildNr Value="92"/>
      <ProjectVersion Value="2.0.0.1"/>
    </VersionInfo>
    <PublishOptions>
      <Version Value="2"/>
      <IgnoreBinaries Value="False"/>
      <IncludeFileFilter Value="*.(pas|pp|inc|lfm|lpr|lrs|lpi|lpk|sh|xml)"/>
      <ExcludeFileFilter Value="*.(bak|ppu|ppw|o|so);*~;backup"/>
    </PublishOptions>
    <RunParams>
      <local>
        <FormatVersion Value="1"/>
        <LaunchingApplication PathPlusParams="/usr/X11R6/bin/xterm -T 'Lazarus Run Output' -e $(LazarusDir)/tools/runwait.sh $(TargetCmdLine)"/>
      </local>
    </RunParams>
    <RequiredPackages Count="4">
      <Item1>
        <PackageName Value="TAChartLazarusPkg"/>
        <MinVersion Valid="True"/>
      </Item1>
      <Item2>
        <PackageName Value="LCL"/>
      </Item2>
      <Item3>
        <PackageName Value="RunTimeTypeInfoControls"/>
        <MinVersion Minor="1" Valid="True"/>
      </Item3>
      <Item4>
        <PackageName Value="TurboPowerIPro"/>
        <MinVersion Major="1" Valid="True"/>
      </Item4>
    </RequiredPackages>
    <Units Count="81">
      <Unit0>
        <Filename Value="FluPP.lpr"/>
        <IsPartOfProject Value="True"/>
        <CursorPos X="22" Y="3"/>
        <TopLine Value="1"/>
        <EditorIndex Value="2"/>
        <UsageCount Value="99"/>
        <Loaded Value="True"/>
      </Unit0>
      <Unit1>
        <Filename Value="Main.pas"/>
        <ComponentName Value="FMain"/>
        <HasResources Value="True"/>
        <IsPartOfProject Value="True"/>
        <ResourceBaseClass Value="Form"/>
        <UnitName Value="Main"/>
        <CursorPos X="37" Y="261"/>
        <TopLine Value="237"/>
        <EditorIndex Value="0"/>
        <UsageCount Value="99"/>
        <Loaded Value="True"/>
      </Unit1>
      <Unit2>
        <Filename Value="Info.pas"/>
        <HasResources Value="True"/>
        <UnitName Value="Info"/>
        <CursorPos X="16" Y="89"/>
        <TopLine Value="42"/>
        <UsageCount Value="37"/>
      </Unit2>
      <Unit3>
        <Filename Value="Grid.pas"/>
        <ComponentName Value="FGrid"/>
        <HasResources Value="True"/>
        <IsPartOfProject Value="True"/>
        <ResourceBaseClass Value="Form"/>
        <UnitName Value="Grid"/>
        <CursorPos X="35" Y="767"/>
        <TopLine Value="744"/>
        <UsageCount Value="99"/>
      </Unit3>
      <Unit4>
        <Filename Value="SButton.pas"/>
        <ComponentName Value="FSButton"/>
        <HasResources Value="True"/>
        <IsPartOfProject Value="True"/>
        <ResourceBaseClass Value="Form"/>
        <UnitName Value="SButton"/>
        <CursorPos X="20" Y="27"/>
        <TopLine Value="1"/>
        <UsageCount Value="99"/>
      </Unit4>
      <Unit5>
        <Filename Value="TrainBaro.pas"/>
        <ComponentName Value="FTrainBaro"/>
        <HasResources Value="True"/>
        <UnitName Value="TrainBaro"/>
        <CursorPos X="17" Y="29"/>
        <TopLine Value="1"/>
        <UsageCount Value="37"/>
      </Unit5>
      <Unit6>
        <Filename Value="InputBox.pas"/>
        <ComponentName Value="FInputBox"/>
        <HasResources Value="True"/>
        <IsPartOfProject Value="True"/>
        <UnitName Value="InputBox"/>
        <CursorPos X="20" Y="30"/>
        <TopLine Value="1"/>
        <UsageCount Value="99"/>
      </Unit6>
      <Unit7>
        <Filename Value="NinetyDays.pas"/>
        <HasResources Value="True"/>
        <UnitName Value="NinetyDays"/>
        <CursorPos X="22" Y="204"/>
        <TopLine Value="157"/>
        <UsageCount Value="37"/>
      </Unit7>
      <Unit8>
        <Filename Value="Tools.pas"/>
        <IsPartOfProject Value="True"/>
        <UnitName Value="Tools"/>
        <CursorPos X="26" Y="534"/>
        <TopLine Value="493"/>
        <UsageCount Value="99"/>
      </Unit8>
      <Unit9>
        <Filename Value="ToolsShell.pas"/>
        <IsPartOfProject Value="True"/>
        <UnitName Value="ToolsShell"/>
        <CursorPos X="19" Y="71"/>
        <TopLine Value="1"/>
        <UsageCount Value="99"/>
      </Unit9>
      <Unit10>
        <Filename Value="Print.pas"/>
        <ComponentName Value="FPrint"/>
        <HasResources Value="True"/>
        <UnitName Value="Print"/>
        <CursorPos X="28" Y="20"/>
        <TopLine Value="1"/>
        <UsageCount Value="37"/>
      </Unit10>
      <Unit11>
        <Filename Value="Airports.pas"/>
        <ComponentName Value="FAirports"/>
        <HasResources Value="True"/>
        <ResourceBaseClass Value="Form"/>
        <UnitName Value="Airports"/>
        <CursorPos X="5" Y="234"/>
        <TopLine Value="216"/>
        <UsageCount Value="39"/>
      </Unit11>
      <Unit12>
        <Filename Value="Input.pas"/>
        <ComponentName Value="FInput"/>
        <HasResources Value="True"/>
        <IsPartOfProject Value="True"/>
        <ResourceBaseClass Value="Form"/>
        <UnitName Value="Input"/>
        <CursorPos X="1" Y="450"/>
        <TopLine Value="428"/>
        <UsageCount Value="99"/>
      </Unit12>
      <Unit13>
        <Filename Value="Settings.pas"/>
        <ComponentName Value="FSettings"/>
        <HasResources Value="True"/>
        <IsPartOfProject Value="True"/>
        <ResourceBaseClass Value="Form"/>
        <UnitName Value="Settings"/>
        <CursorPos X="34" Y="1368"/>
        <TopLine Value="1347"/>
        <UsageCount Value="99"/>
      </Unit13>
      <Unit14>
        <Filename Value="BasicSettings.pas"/>
        <ComponentName Value="FBasicSettings"/>
        <HasResources Value="True"/>
        <IsPartOfProject Value="True"/>
        <UnitName Value="BasicSettings"/>
        <CursorPos X="22" Y="126"/>
        <TopLine Value="105"/>
        <UsageCount Value="99"/>
      </Unit14>
      <Unit15>
        <Filename Value="Licenses.pas"/>
        <ComponentName Value="FLicenses"/>
        <HasResources Value="True"/>
        <UnitName Value="Licenses"/>
        <CursorPos X="28" Y="34"/>
        <TopLine Value="13"/>
        <UsageCount Value="37"/>
      </Unit15>
      <Unit16>
        <Filename Value="Statistics.pas"/>
        <HasResources Value="True"/>
        <UnitName Value="Statistics"/>
        <CursorPos X="22" Y="1992"/>
        <TopLine Value="1942"/>
        <UsageCount Value="37"/>
      </Unit16>
      <Unit17>
        <Filename Value="StatGraph.pas"/>
        <HasResources Value="True"/>
        <UnitName Value="StatGraph"/>
        <CursorPos X="21" Y="213"/>
        <TopLine Value="163"/>
        <UsageCount Value="37"/>
      </Unit17>
      <Unit18>
        <Filename Value="ToolsLicense.pas"/>
        <UnitName Value="ToolsLicense"/>
        <CursorPos X="19" Y="1"/>
        <TopLine Value="1"/>
        <UsageCount Value="37"/>
      </Unit18>
      <Unit19>
        <Filename Value="FlightLogs.pas"/>
        <ComponentName Value="FFlightLogs"/>
        <HasResources Value="True"/>
        <IsPartOfProject Value="True"/>
        <UnitName Value="FlightLogs"/>
        <CursorPos X="21" Y="124"/>
        <TopLine Value="103"/>
        <UsageCount Value="99"/>
      </Unit19>
      <Unit20>
        <Filename Value="ToolsGrid.pas"/>
        <IsPartOfProject Value="True"/>
        <UnitName Value="ToolsGrid"/>
        <CursorPos X="24" Y="62"/>
        <TopLine Value="50"/>
        <UsageCount Value="99"/>
      </Unit20>
      <Unit21>
        <Filename Value="Calendar.pas"/>
        <ComponentName Value="FCalendar"/>
        <HasResources Value="True"/>
        <UnitName Value="Calendar"/>
        <CursorPos X="4" Y="21"/>
        <TopLine Value="1"/>
        <UsageCount Value="36"/>
      </Unit21>
      <Unit22>
        <Filename Value="CalendarAdd.pas"/>
        <ComponentName Value="FCalendarAdd"/>
        <HasResources Value="True"/>
        <UnitName Value="CalendarAdd"/>
        <CursorPos X="61" Y="9"/>
        <TopLine Value="1"/>
        <UsageCount Value="36"/>
      </Unit22>
      <Unit23>
        <Filename Value="Import.pas"/>
        <IsPartOfProject Value="True"/>
        <UnitName Value="Import"/>
        <CursorPos X="61" Y="31"/>
        <TopLine Value="18"/>
        <EditorIndex Value="1"/>
        <UsageCount Value="99"/>
        <Loaded Value="True"/>
      </Unit23>
      <Unit24>
        <Filename Value="Export.pas"/>
        <IsPartOfProject Value="True"/>
        <UnitName Value="Export"/>
        <CursorPos X="21" Y="204"/>
        <TopLine Value="177"/>
        <UsageCount Value="99"/>
      </Unit24>
      <Unit25>
        <Filename Value="Debug.pas"/>
        <UnitName Value="Debug"/>
        <CursorPos X="26" Y="8"/>
        <TopLine Value="1"/>
        <UsageCount Value="38"/>
      </Unit25>
      <Unit26>
        <Filename Value="GetWindowsVersion.pas"/>
        <UnitName Value="GetWindowsVersion"/>
        <CursorPos X="1" Y="4"/>
        <TopLine Value="1"/>
        <UsageCount Value="7"/>
      </Unit26>
      <Unit27>
        <Filename Value="../../../../../usr/share/lazarus/components/printers/printer4lazarus.pas"/>
        <UnitName Value="Printer4Lazarus"/>
        <CursorPos X="20" Y="21"/>
        <TopLine Value="1"/>
        <UsageCount Value="7"/>
      </Unit27>
      <Unit28>
        <Filename Value="../../../../../usr/share/lazarus/lcl/include/bitmap.inc"/>
        <CursorPos X="4" Y="501"/>
        <TopLine Value="479"/>
        <UsageCount Value="7"/>
      </Unit28>
      <Unit29>
        <Filename Value="../../../../../usr/share/lazarus/lcl/forms.pp"/>
        <ComponentName Value="Frame"/>
        <HasResources Value="True"/>
        <UnitName Value="Forms"/>
        <CursorPos X="34" Y="37"/>
        <TopLine Value="13"/>
        <UsageCount Value="8"/>
      </Unit29>
      <Unit30>
        <Filename Value="Grid.lfm"/>
        <CursorPos X="25" Y="45"/>
        <TopLine Value="4"/>
        <UsageCount Value="8"/>
        <SyntaxHighlighter Value="LFM"/>
      </Unit30>
      <Unit31>
        <Filename Value="Calendar.lfm"/>
        <CursorPos X="1" Y="229"/>
        <TopLine Value="188"/>
        <UsageCount Value="7"/>
        <SyntaxHighlighter Value="LFM"/>
      </Unit31>
      <Unit32>
        <Filename Value="BasicSettings.lfm"/>
        <CursorPos X="34" Y="22"/>
        <TopLine Value="13"/>
        <UsageCount Value="7"/>
        <SyntaxHighlighter Value="LFM"/>
      </Unit32>
      <Unit33>
        <Filename Value="FlightLogs.lfm"/>
        <CursorPos X="1" Y="1"/>
        <TopLine Value="1"/>
        <UsageCount Value="8"/>
        <SyntaxHighlighter Value="LFM"/>
      </Unit33>
      <Unit34>
        <Filename Value="Settings.lfm"/>
        <CursorPos X="1" Y="1"/>
        <TopLine Value="1"/>
        <UsageCount Value="10"/>
        <SyntaxHighlighter Value="LFM"/>
      </Unit34>
      <Unit35>
        <Filename Value="FluPP.lrs"/>
        <CursorPos X="140" Y="23"/>
        <TopLine Value="1"/>
        <UsageCount Value="13"/>
      </Unit35>
      <Unit36>
        <Filename Value="ToolsIGCParse.pas"/>
        <UnitName Value="ToolsIGCParse"/>
        <CursorPos X="1" Y="52"/>
        <TopLine Value="1"/>
        <UsageCount Value="10"/>
      </Unit36>
      <Unit37>
        <Filename Value="Main.lfm"/>
        <CursorPos X="12" Y="1864"/>
        <TopLine Value="1829"/>
        <UsageCount Value="10"/>
        <SyntaxHighlighter Value="LFM"/>
      </Unit37>
      <Unit38>
        <Filename Value="CalendarAdd.lfm"/>
        <CursorPos X="1" Y="165"/>
        <TopLine Value="124"/>
        <UsageCount Value="8"/>
        <SyntaxHighlighter Value="LFM"/>
      </Unit38>
      <Unit39>
        <Filename Value="../../../../../usr/share/lazarus/lcl/editbtn.pas"/>
        <UnitName Value="EditBtn"/>
        <CursorPos X="71" Y="31"/>
        <TopLine Value="1"/>
        <UsageCount Value="8"/>
      </Unit39>
      <Unit40>
        <Filename Value="../../../../../usr/share/lazarus/lcl/lresources.pp"/>
        <UnitName Value="LResources"/>
        <CursorPos X="1" Y="2708"/>
        <TopLine Value="2687"/>
        <UsageCount Value="9"/>
      </Unit40>
      <Unit41>
        <Filename Value="../../../../../usr/share/lazarus/lcl/calendar.pp"/>
        <UnitName Value="Calendar"/>
        <CursorPos X="1" Y="1"/>
        <TopLine Value="1"/>
        <UsageCount Value="8"/>
      </Unit41>
      <Unit42>
        <Filename Value="../../../../../usr/share/lazarus/components/gettext/source/gnugettext_fpc.pp"/>
        <UnitName Value="gnugettext_fpc"/>
        <CursorPos X="34" Y="24"/>
        <TopLine Value="1"/>
        <UsageCount Value="8"/>
      </Unit42>
      <Unit43>
        <Filename Value="gnugettext_fpc.pp"/>
        <UnitName Value="gnugettext_fpc"/>
        <CursorPos X="1" Y="22"/>
        <TopLine Value="1"/>
        <UsageCount Value="8"/>
      </Unit43>
      <Unit44>
        <Filename Value="gnugettext.pas"/>
        <UnitName Value="gnugettext"/>
        <CursorPos X="28" Y="2702"/>
        <TopLine Value="2664"/>
        <UsageCount Value="8"/>
      </Unit44>
      <Unit45>
        <Filename Value="../../../../../usr/share/lazarus/lcl/stdctrls.pp"/>
        <UnitName Value="StdCtrls"/>
        <CursorPos X="13" Y="7"/>
        <TopLine Value="1"/>
        <UsageCount Value="8"/>
      </Unit45>
      <Unit46>
        <Filename Value="Licenses.lfm"/>
        <CursorPos X="1" Y="1"/>
        <TopLine Value="1"/>
        <UsageCount Value="8"/>
        <SyntaxHighlighter Value="LFM"/>
      </Unit46>
      <Unit47>
        <Filename Value="../../../../../usr/share/lazarus/lcl/include/application.inc"/>
        <CursorPos X="1" Y="1637"/>
        <TopLine Value="1616"/>
        <UsageCount Value="8"/>
      </Unit47>
      <Unit48>
        <Filename Value="../../../../../usr/share/lazarus/lcl/include/winapi.inc"/>
        <CursorPos X="1" Y="290"/>
        <TopLine Value="269"/>
        <UsageCount Value="8"/>
      </Unit48>
      <Unit49>
        <Filename Value="../../../../../usr/share/lazarus/lcl/include/customform.inc"/>
        <CursorPos X="1" Y="853"/>
        <TopLine Value="832"/>
        <UsageCount Value="9"/>
      </Unit49>
      <Unit50>
        <Filename Value="../../../../../usr/share/fpcsrc/packages/fcl-base/src/inc/contnrs.pp"/>
        <UnitName Value="contnrs"/>
        <CursorPos X="25" Y="72"/>
        <TopLine Value="63"/>
        <UsageCount Value="14"/>
      </Unit50>
      <Unit51>
        <Filename Value="../../../../../usr/share/lazarus/components/tachart/taseries.pas"/>
        <UnitName Value="TASeries"/>
        <CursorPos X="1" Y="1627"/>
        <TopLine Value="1498"/>
        <UsageCount Value="8"/>
      </Unit51>
      <Unit52>
        <Filename Value="../../../../../usr/share/lazarus/lcl/grids.pas"/>
        <UnitName Value="Grids"/>
        <CursorPos X="1" Y="4267"/>
        <TopLine Value="4246"/>
        <UsageCount Value="16"/>
      </Unit52>
      <Unit53>
        <Filename Value="../../../../../usr/share/lazarus/lcl/include/containedaction.inc"/>
        <CursorPos X="1" Y="110"/>
        <TopLine Value="80"/>
        <UsageCount Value="10"/>
      </Unit53>
      <Unit54>
        <Filename Value="../../../../../usr/share/lazarus/lcl/lclproc.pas"/>
        <UnitName Value="LCLProc"/>
        <CursorPos X="1" Y="774"/>
        <TopLine Value="753"/>
        <UsageCount Value="8"/>
      </Unit54>
      <Unit55>
        <Filename Value="../../../../../usr/share/lazarus/lcl/include/customaction.inc"/>
        <CursorPos X="1" Y="318"/>
        <TopLine Value="297"/>
        <UsageCount Value="9"/>
      </Unit55>
      <Unit56>
        <Filename Value="../../../../../usr/share/lazarus/lcl/include/menuitem.inc"/>
        <CursorPos X="1" Y="73"/>
        <TopLine Value="52"/>
        <UsageCount Value="8"/>
      </Unit56>
      <Unit57>
        <Filename Value="../../../../../usr/share/lazarus/lcl/include/control.inc"/>
        <CursorPos X="1" Y="2044"/>
        <TopLine Value="2023"/>
        <UsageCount Value="10"/>
      </Unit57>
      <Unit58>
        <Filename Value="../../../../../usr/share/lazarus/lcl/include/buttoncontrol.inc"/>
        <CursorPos X="1" Y="58"/>
        <TopLine Value="37"/>
        <UsageCount Value="8"/>
      </Unit58>
      <Unit59>
        <Filename Value="../../../../../usr/share/lazarus/lcl/include/buttons.inc"/>
        <CursorPos X="16" Y="210"/>
        <TopLine Value="1"/>
        <UsageCount Value="8"/>
      </Unit59>
      <Unit60>
        <Filename Value="../../../../../usr/share/lazarus/lcl/include/bitbtn.inc"/>
        <CursorPos X="1" Y="57"/>
        <TopLine Value="36"/>
        <UsageCount Value="8"/>
      </Unit60>
      <Unit61>
        <Filename Value="SButton.lfm"/>
        <CursorPos X="1" Y="8"/>
        <TopLine Value="1"/>
        <UsageCount Value="8"/>
        <SyntaxHighlighter Value="LFM"/>
      </Unit61>
      <Unit62>
        <Filename Value="../../../../../usr/share/lazarus/lcl/include/wincontrol.inc"/>
        <CursorPos X="1" Y="5511"/>
        <TopLine Value="5474"/>
        <UsageCount Value="9"/>
      </Unit62>
      <Unit63>
        <Filename Value="../../../../../usr/share/lazarus/lcl/graphics.pp"/>
        <UnitName Value="Graphics"/>
        <CursorPos X="23" Y="1012"/>
        <TopLine Value="907"/>
        <UsageCount Value="10"/>
      </Unit63>
      <Unit64>
        <Filename Value="../../../../../usr/share/fpcsrc/rtl/objpas/classes/classesh.inc"/>
        <CursorPos X="3" Y="193"/>
        <TopLine Value="124"/>
        <UsageCount Value="13"/>
      </Unit64>
      <Unit65>
        <Filename Value="Input.lfm"/>
        <CursorPos X="19" Y="565"/>
        <TopLine Value="547"/>
        <UsageCount Value="10"/>
        <SyntaxHighlighter Value="LFM"/>
      </Unit65>
      <Unit66>
        <Filename Value="../../../../../usr/share/lazarus/lcl/maskedit.pp"/>
        <UnitName Value="MaskEdit"/>
        <CursorPos X="41" Y="1130"/>
        <TopLine Value="1099"/>
        <UsageCount Value="9"/>
        <Bookmarks Count="1">
          <Item0 X="34" Y="1320" ID="1"/>
        </Bookmarks>
      </Unit66>
      <Unit67>
        <Filename Value="../../../../../usr/share/lazarus/lcl/include/customnotebook.inc"/>
        <CursorPos X="1" Y="683"/>
        <TopLine Value="662"/>
        <UsageCount Value="8"/>
      </Unit67>
      <Unit68>
        <Filename Value="../../../../../usr/share/lazarus/lcl/include/filedialog.inc"/>
        <CursorPos X="1" Y="62"/>
        <TopLine Value="41"/>
        <UsageCount Value="9"/>
      </Unit68>
      <Unit69>
        <Filename Value="../../../../../usr/share/fpcsrc/packages/fcl-xml/src/xmlread.pp"/>
        <UnitName Value="XMLRead"/>
        <CursorPos X="1" Y="1"/>
        <TopLine Value="1"/>
        <UsageCount Value="9"/>
      </Unit69>
      <Unit70>
        <Filename Value="../../../../../usr/share/lazarus/lcl/include/toolbutton.inc"/>
        <CursorPos X="1" Y="121"/>
        <TopLine Value="100"/>
        <UsageCount Value="9"/>
      </Unit70>
      <Unit71>
        <Filename Value="../../../../../usr/share/lazarus/lcl/include/statuspanels.inc"/>
        <CursorPos X="1" Y="34"/>
        <TopLine Value="13"/>
        <UsageCount Value="10"/>
      </Unit71>
      <Unit72>
        <Filename Value="../../../../../usr/share/lazarus/lcl/include/winapih.inc"/>
        <CursorPos X="10" Y="235"/>
        <TopLine Value="214"/>
        <UsageCount Value="10"/>
      </Unit72>
      <Unit73>
        <Filename Value="../../../../../usr/share/fpcsrc/rtl/objpas/types.pp"/>
        <UnitName Value="types"/>
        <CursorPos X="21" Y="407"/>
        <TopLine Value="397"/>
        <UsageCount Value="10"/>
      </Unit73>
      <Unit74>
        <Filename Value="../../../../../usr/lib/lazarus/components/turbopower_ipro/iputils.pas"/>
        <UnitName Value="IpUtils"/>
        <CursorPos X="26" Y="15"/>
        <TopLine Value="1"/>
        <UsageCount Value="10"/>
      </Unit74>
      <Unit75>
        <Filename Value="../../../../../usr/lib/lazarus/lcl/maskedit.pp"/>
        <UnitName Value="MaskEdit"/>
        <CursorPos X="1" Y="846"/>
        <TopLine Value="774"/>
        <UsageCount Value="10"/>
      </Unit75>
      <Unit76>
        <Filename Value="../../../../../usr/lib/lazarus/examples/hello.pp"/>
        <UnitName Value="Hello_world"/>
        <CursorPos X="83" Y="21"/>
        <TopLine Value="1"/>
        <UsageCount Value="10"/>
      </Unit76>
      <Unit77>
        <Filename Value="FluPP.rc"/>
        <CursorPos X="1" Y="1"/>
        <TopLine Value="1"/>
        <UsageCount Value="10"/>
        <SyntaxHighlighter Value="None"/>
      </Unit77>
      <Unit78>
        <Filename Value="../../../../../usr/lib/lazarus/lcl/lclproc.pas"/>
        <UnitName Value="LCLProc"/>
        <CursorPos X="1" Y="2103"/>
        <TopLine Value="2085"/>
        <UsageCount Value="10"/>
      </Unit78>
      <Unit79>
        <Filename Value="debug.pas"/>
        <UnitName Value="debug"/>
        <CursorPos X="20" Y="21"/>
        <TopLine Value="1"/>
        <UsageCount Value="11"/>
      </Unit79>
      <Unit80>
        <Filename Value="../../../../../usr/share/fpcsrc/2.2.2/packages/fcl-xml/src/dom.pp"/>
        <UnitName Value="DOM"/>
        <CursorPos X="25" Y="2192"/>
        <TopLine Value="2174"/>
        <UsageCount Value="10"/>
      </Unit80>
    </Units>
    <JumpHistory Count="6" HistoryIndex="5">
      <Position1>
        <Filename Value="Main.pas"/>
        <Caret Line="282" Column="21" TopLine="264"/>
      </Position1>
      <Position2>
        <Filename Value="Main.pas"/>
        <Caret Line="179" Column="37" TopLine="161"/>
      </Position2>
      <Position3>
        <Filename Value="Main.pas"/>
        <Caret Line="196" Column="14" TopLine="178"/>
      </Position3>
      <Position4>
        <Filename Value="Main.pas"/>
        <Caret Line="252" Column="14" TopLine="234"/>
      </Position4>
      <Position5>
        <Filename Value="Main.pas"/>
        <Caret Line="253" Column="14" TopLine="234"/>
      </Position5>
      <Position6>
        <Filename Value="Main.pas"/>
        <Caret Line="256" Column="26" TopLine="234"/>
      </Position6>
    </JumpHistory>
  </ProjectOptions>
  <CompilerOptions>
    <Version Value="8"/>
    <SearchPaths>
      <LCLWidgetType Value="gtk2"/>
    </SearchPaths>
    <Parsing>
      <SyntaxOptions>
        <CStyleOperator Value="False"/>
      </SyntaxOptions>
    </Parsing>
    <Linking>
      <Debugging>
        <GenerateDebugInfo Value="True"/>
        <UseExternalDbgSyms Value="True"/>
      </Debugging>
      <LinkSmart Value="True"/>
    </Linking>
    <Other>
      <Verbosity>
        <ShoLineNum Value="True"/>
      </Verbosity>
      <CustomOptions Value="
"/>
      <CompilerPath Value="$(CompPath)"/>
    </Other>
  </CompilerOptions>
  <Debugging>
    <Exceptions Count="3">
      <Item1>
        <Name Value="ECodetoolError"/>
      </Item1>
      <Item2>
        <Name Value="EFOpenError"/>
      </Item2>
      <Item3>
        <Name Value="EConvertError"/>
      </Item3>
    </Exceptions>
  </Debugging>
</CONFIG>
