<?xml version="1.0"?>
<CONFIG>
  <ProjectOptions>
    <PathDelim Value="/"/>
    <Version Value="6"/>
    <General>
      <MainUnit Value="0"/>
      <IconPath Value="./"/>
      <TargetFileExt Value=""/>
      <Title Value="FluPP"/>
      <ActiveEditorIndexAtStart Value="0"/>
    </General>
    <i18n>
      <EnableI18N Value="True"/>
      <OutDir Value="po/"/>
    </i18n>
    <VersionInfo>
      <UseVersionInfo Value="True"/>
      <AutoIncrementBuild Value="True"/>
      <CurrentVersionNr Value="2"/>
      <ProjectVersion Value=""/>
    </VersionInfo>
    <PublishOptions>
      <Version Value="2"/>
      <IgnoreBinaries Value="False"/>
      <IncludeFileFilter Value="*.(pas|pp|inc|lfm|lpr|lrs|lpi|lpk|sh|xml)"/>
      <ExcludeFileFilter Value="*.(bak|ppu|ppw|o|so);*~;backup"/>
    </PublishOptions>
    <RunParams>
      <local>
        <FormatVersion Value="1"/>
        <LaunchingApplication PathPlusParams="/usr/X11R6/bin/xterm -T 'Lazarus Run Output' -e $(LazarusDir)/tools/runwait.sh $(TargetCmdLine)"/>
      </local>
    </RunParams>
    <RequiredPackages Count="4">
      <Item1>
        <PackageName Value="TAChartLazarusPkg"/>
        <MinVersion Valid="True"/>
      </Item1>
      <Item2>
        <PackageName Value="LCL"/>
      </Item2>
      <Item3>
        <PackageName Value="RunTimeTypeInfoControls"/>
        <MinVersion Minor="1" Valid="True"/>
      </Item3>
      <Item4>
        <PackageName Value="TurboPowerIPro"/>
        <MinVersion Major="1" Valid="True"/>
      </Item4>
    </RequiredPackages>
    <Units Count="53">
      <Unit0>
        <Filename Value="FluPP.lpr"/>
        <IsPartOfProject Value="True"/>
        <CursorPos X="1" Y="36"/>
        <TopLine Value="1"/>
        <EditorIndex Value="7"/>
        <UsageCount Value="49"/>
        <Loaded Value="True"/>
      </Unit0>
      <Unit1>
        <Filename Value="Main.pas"/>
        <ComponentName Value="FMain"/>
        <HasResources Value="True"/>
        <IsPartOfProject Value="True"/>
        <ResourceFilename Value="Main.lrs"/>
        <UnitName Value="Main"/>
        <CursorPos X="20" Y="1316"/>
        <TopLine Value="1299"/>
        <EditorIndex Value="0"/>
        <UsageCount Value="49"/>
        <Bookmarks Count="1">
          <Item0 X="12" Y="208" ID="1"/>
        </Bookmarks>
        <Loaded Value="True"/>
      </Unit1>
      <Unit2>
        <Filename Value="Info.pas"/>
        <HasResources Value="True"/>
        <ResourceFilename Value="Info.lrs"/>
        <UnitName Value="Info"/>
        <CursorPos X="16" Y="89"/>
        <TopLine Value="42"/>
        <UsageCount Value="39"/>
      </Unit2>
      <Unit3>
        <Filename Value="Grid.pas"/>
        <ComponentName Value="FGrid"/>
        <HasResources Value="True"/>
        <IsPartOfProject Value="True"/>
        <ResourceFilename Value="Grid.lrs"/>
        <UnitName Value="Grid"/>
        <CursorPos X="31" Y="272"/>
        <TopLine Value="744"/>
        <EditorIndex Value="4"/>
        <UsageCount Value="49"/>
        <Loaded Value="True"/>
      </Unit3>
      <Unit4>
        <Filename Value="SButton.pas"/>
        <ComponentName Value="FSButton"/>
        <HasResources Value="True"/>
        <IsPartOfProject Value="True"/>
        <ResourceFilename Value="SButton.lrs"/>
        <UnitName Value="SButton"/>
        <CursorPos X="19" Y="75"/>
        <TopLine Value="36"/>
        <EditorIndex Value="3"/>
        <UsageCount Value="49"/>
        <Loaded Value="True"/>
      </Unit4>
      <Unit5>
        <Filename Value="TrainBaro.pas"/>
        <ComponentName Value="FTrainBaro"/>
        <HasResources Value="True"/>
        <ResourceFilename Value="TrainBaro.lrs"/>
        <UnitName Value="TrainBaro"/>
        <CursorPos X="17" Y="29"/>
        <TopLine Value="1"/>
        <UsageCount Value="39"/>
      </Unit5>
      <Unit6>
        <Filename Value="InputBox.pas"/>
        <ComponentName Value="FInputBox"/>
        <HasResources Value="True"/>
        <IsPartOfProject Value="True"/>
        <ResourceFilename Value="InputBox.lrs"/>
        <UnitName Value="InputBox"/>
        <CursorPos X="20" Y="30"/>
        <TopLine Value="1"/>
        <UsageCount Value="49"/>
      </Unit6>
      <Unit7>
        <Filename Value="NinetyDays.pas"/>
        <HasResources Value="True"/>
        <ResourceFilename Value="NinetyDays.lrs"/>
        <UnitName Value="NinetyDays"/>
        <CursorPos X="22" Y="204"/>
        <TopLine Value="157"/>
        <UsageCount Value="39"/>
      </Unit7>
      <Unit8>
        <Filename Value="Tools.pas"/>
        <IsPartOfProject Value="True"/>
        <UnitName Value="Tools"/>
        <CursorPos X="5" Y="152"/>
        <TopLine Value="126"/>
        <UsageCount Value="49"/>
      </Unit8>
      <Unit9>
        <Filename Value="ToolsShell.pas"/>
        <IsPartOfProject Value="True"/>
        <UnitName Value="ToolsShell"/>
        <CursorPos X="19" Y="71"/>
        <TopLine Value="1"/>
        <UsageCount Value="49"/>
      </Unit9>
      <Unit10>
        <Filename Value="Print.pas"/>
        <ComponentName Value="FPrint"/>
        <HasResources Value="True"/>
        <ResourceFilename Value="Print.lrs"/>
        <UnitName Value="Print"/>
        <CursorPos X="28" Y="20"/>
        <TopLine Value="1"/>
        <UsageCount Value="39"/>
      </Unit10>
      <Unit11>
        <Filename Value="Airports.pas"/>
        <ComponentName Value="FAirports"/>
        <HasResources Value="True"/>
        <ResourceFilename Value="Airports.lrs"/>
        <UnitName Value="Airports"/>
        <CursorPos X="20" Y="366"/>
        <TopLine Value="327"/>
        <EditorIndex Value="2"/>
        <UsageCount Value="40"/>
        <Loaded Value="True"/>
      </Unit11>
      <Unit12>
        <Filename Value="Input.pas"/>
        <ComponentName Value="FInput"/>
        <HasResources Value="True"/>
        <IsPartOfProject Value="True"/>
        <ResourceFilename Value="Input.lrs"/>
        <UnitName Value="Input"/>
        <CursorPos X="1" Y="1824"/>
        <TopLine Value="1809"/>
        <UsageCount Value="49"/>
      </Unit12>
      <Unit13>
        <Filename Value="Settings.pas"/>
        <ComponentName Value="FSettings"/>
        <HasResources Value="True"/>
        <IsPartOfProject Value="True"/>
        <ResourceFilename Value="Settings.lrs"/>
        <UnitName Value="Settings"/>
        <CursorPos X="30" Y="53"/>
        <TopLine Value="32"/>
        <UsageCount Value="49"/>
      </Unit13>
      <Unit14>
        <Filename Value="BasicSettings.pas"/>
        <ComponentName Value="FBasicSettings"/>
        <HasResources Value="True"/>
        <IsPartOfProject Value="True"/>
        <ResourceFilename Value="BasicSettings.lrs"/>
        <UnitName Value="BasicSettings"/>
        <CursorPos X="72" Y="9"/>
        <TopLine Value="1"/>
        <UsageCount Value="49"/>
      </Unit14>
      <Unit15>
        <Filename Value="Licenses.pas"/>
        <ComponentName Value="FLicenses"/>
        <HasResources Value="True"/>
        <ResourceFilename Value="Licenses.lrs"/>
        <UnitName Value="Licenses"/>
        <CursorPos X="28" Y="34"/>
        <TopLine Value="13"/>
        <UsageCount Value="39"/>
      </Unit15>
      <Unit16>
        <Filename Value="Statistics.pas"/>
        <HasResources Value="True"/>
        <ResourceFilename Value="Statistics.lrs"/>
        <UnitName Value="Statistics"/>
        <CursorPos X="22" Y="1992"/>
        <TopLine Value="1942"/>
        <UsageCount Value="39"/>
      </Unit16>
      <Unit17>
        <Filename Value="StatGraph.pas"/>
        <HasResources Value="True"/>
        <ResourceFilename Value="StatGraph.lrs"/>
        <UnitName Value="StatGraph"/>
        <CursorPos X="21" Y="213"/>
        <TopLine Value="163"/>
        <UsageCount Value="39"/>
      </Unit17>
      <Unit18>
        <Filename Value="ToolsLicense.pas"/>
        <UnitName Value="ToolsLicense"/>
        <CursorPos X="19" Y="1"/>
        <TopLine Value="1"/>
        <UsageCount Value="39"/>
        <SyntaxHighlighter Value="Text"/>
      </Unit18>
      <Unit19>
        <Filename Value="FlightLogs.pas"/>
        <ComponentName Value="FFlightLogs"/>
        <HasResources Value="True"/>
        <IsPartOfProject Value="True"/>
        <ResourceFilename Value="FlightLogs.lrs"/>
        <UnitName Value="FlightLogs"/>
        <CursorPos X="3" Y="159"/>
        <TopLine Value="121"/>
        <UsageCount Value="49"/>
      </Unit19>
      <Unit20>
        <Filename Value="ToolsGrid.pas"/>
        <IsPartOfProject Value="True"/>
        <UnitName Value="ToolsGrid"/>
        <CursorPos X="45" Y="7"/>
        <TopLine Value="1"/>
        <EditorIndex Value="1"/>
        <UsageCount Value="49"/>
        <Loaded Value="True"/>
      </Unit20>
      <Unit21>
        <Filename Value="Calendar.pas"/>
        <ComponentName Value="FCalendar"/>
        <HasResources Value="True"/>
        <ResourceFilename Value="Calendar.lrs"/>
        <UnitName Value="Calendar"/>
        <CursorPos X="4" Y="21"/>
        <TopLine Value="1"/>
        <UsageCount Value="38"/>
      </Unit21>
      <Unit22>
        <Filename Value="CalendarAdd.pas"/>
        <ComponentName Value="FCalendarAdd"/>
        <HasResources Value="True"/>
        <ResourceFilename Value="CalendarAdd.lrs"/>
        <UnitName Value="CalendarAdd"/>
        <CursorPos X="61" Y="9"/>
        <TopLine Value="1"/>
        <UsageCount Value="38"/>
      </Unit22>
      <Unit23>
        <Filename Value="Import.pas"/>
        <IsPartOfProject Value="True"/>
        <UnitName Value="Import"/>
        <CursorPos X="68" Y="46"/>
        <TopLine Value="856"/>
        <EditorIndex Value="5"/>
        <UsageCount Value="49"/>
        <Loaded Value="True"/>
      </Unit23>
      <Unit24>
        <Filename Value="Export.pas"/>
        <IsPartOfProject Value="True"/>
        <UnitName Value="Export"/>
        <CursorPos X="12" Y="33"/>
        <TopLine Value="416"/>
        <EditorIndex Value="6"/>
        <UsageCount Value="49"/>
        <Loaded Value="True"/>
      </Unit24>
      <Unit25>
        <Filename Value="Debug.pas"/>
        <UnitName Value="Debug"/>
        <CursorPos X="1" Y="1"/>
        <TopLine Value="140"/>
        <UsageCount Value="39"/>
      </Unit25>
      <Unit26>
        <Filename Value="GetWindowsVersion.pas"/>
        <UnitName Value="GetWindowsVersion"/>
        <CursorPos X="1" Y="4"/>
        <TopLine Value="1"/>
        <UsageCount Value="9"/>
      </Unit26>
      <Unit27>
        <Filename Value="/usr/share/lazarus/components/printers/printer4lazarus.pas"/>
        <UnitName Value="Printer4Lazarus"/>
        <CursorPos X="20" Y="21"/>
        <TopLine Value="1"/>
        <UsageCount Value="9"/>
      </Unit27>
      <Unit28>
        <Filename Value="/usr/share/lazarus/lcl/include/bitmap.inc"/>
        <CursorPos X="4" Y="501"/>
        <TopLine Value="479"/>
        <UsageCount Value="9"/>
      </Unit28>
      <Unit29>
        <Filename Value="/usr/share/lazarus/lcl/forms.pp"/>
        <ComponentName Value="Frame"/>
        <HasResources Value="True"/>
        <UnitName Value="Forms"/>
        <CursorPos X="34" Y="37"/>
        <TopLine Value="13"/>
        <UsageCount Value="10"/>
      </Unit29>
      <Unit30>
        <Filename Value="Grid.lfm"/>
        <CursorPos X="23" Y="22"/>
        <TopLine Value="1"/>
        <UsageCount Value="9"/>
        <SyntaxHighlighter Value="LFM"/>
      </Unit30>
      <Unit31>
        <Filename Value="Calendar.lfm"/>
        <CursorPos X="1" Y="229"/>
        <TopLine Value="188"/>
        <UsageCount Value="9"/>
        <SyntaxHighlighter Value="LFM"/>
      </Unit31>
      <Unit32>
        <Filename Value="BasicSettings.lfm"/>
        <CursorPos X="34" Y="22"/>
        <TopLine Value="13"/>
        <UsageCount Value="9"/>
        <SyntaxHighlighter Value="LFM"/>
      </Unit32>
      <Unit33>
        <Filename Value="FlightLogs.lfm"/>
        <CursorPos X="1" Y="1"/>
        <TopLine Value="1"/>
        <UsageCount Value="10"/>
        <SyntaxHighlighter Value="LFM"/>
      </Unit33>
      <Unit34>
        <Filename Value="Settings.lfm"/>
        <CursorPos X="1" Y="1"/>
        <TopLine Value="1"/>
        <UsageCount Value="9"/>
        <SyntaxHighlighter Value="LFM"/>
      </Unit34>
      <Unit35>
        <Filename Value="FluPP.lrs"/>
        <CursorPos X="13" Y="1"/>
        <TopLine Value="1"/>
        <UsageCount Value="9"/>
      </Unit35>
      <Unit36>
        <Filename Value="ToolsIGCParse.pas"/>
        <UnitName Value="ToolsIGCParse"/>
        <CursorPos X="6" Y="5"/>
        <TopLine Value="1"/>
        <UsageCount Value="10"/>
      </Unit36>
      <Unit37>
        <Filename Value="Main.lfm"/>
        <CursorPos X="24" Y="106"/>
        <TopLine Value="73"/>
        <UsageCount Value="10"/>
        <SyntaxHighlighter Value="LFM"/>
      </Unit37>
      <Unit38>
        <Filename Value="CalendarAdd.lfm"/>
        <CursorPos X="1" Y="165"/>
        <TopLine Value="124"/>
        <UsageCount Value="10"/>
        <SyntaxHighlighter Value="LFM"/>
      </Unit38>
      <Unit39>
        <Filename Value="/usr/share/lazarus/lcl/editbtn.pas"/>
        <UnitName Value="EditBtn"/>
        <CursorPos X="71" Y="31"/>
        <TopLine Value="1"/>
        <UsageCount Value="10"/>
      </Unit39>
      <Unit40>
        <Filename Value="/usr/share/lazarus/lcl/lresources.pp"/>
        <UnitName Value="LResources"/>
        <CursorPos X="1" Y="1"/>
        <TopLine Value="1"/>
        <UsageCount Value="10"/>
      </Unit40>
      <Unit41>
        <Filename Value="/usr/share/lazarus/lcl/calendar.pp"/>
        <UnitName Value="Calendar"/>
        <CursorPos X="1" Y="1"/>
        <TopLine Value="1"/>
        <UsageCount Value="10"/>
      </Unit41>
      <Unit42>
        <Filename Value="/usr/share/lazarus/components/gettext/source/gnugettext_fpc.pp"/>
        <UnitName Value="gnugettext_fpc"/>
        <CursorPos X="34" Y="24"/>
        <TopLine Value="1"/>
        <UsageCount Value="10"/>
      </Unit42>
      <Unit43>
        <Filename Value="gnugettext_fpc.pp"/>
        <UnitName Value="gnugettext_fpc"/>
        <CursorPos X="1" Y="22"/>
        <TopLine Value="1"/>
        <UsageCount Value="10"/>
      </Unit43>
      <Unit44>
        <Filename Value="gnugettext.pas"/>
        <UnitName Value="gnugettext"/>
        <CursorPos X="28" Y="2702"/>
        <TopLine Value="2664"/>
        <UsageCount Value="10"/>
      </Unit44>
      <Unit45>
        <Filename Value="/usr/share/lazarus/lcl/stdctrls.pp"/>
        <UnitName Value="StdCtrls"/>
        <CursorPos X="13" Y="7"/>
        <TopLine Value="1"/>
        <UsageCount Value="10"/>
      </Unit45>
      <Unit46>
        <Filename Value="Licenses.lfm"/>
        <CursorPos X="1" Y="1"/>
        <TopLine Value="1"/>
        <UsageCount Value="10"/>
        <SyntaxHighlighter Value="LFM"/>
      </Unit46>
      <Unit47>
        <Filename Value="/usr/share/lazarus/lcl/include/application.inc"/>
        <CursorPos X="1" Y="1637"/>
        <TopLine Value="1616"/>
        <UsageCount Value="10"/>
      </Unit47>
      <Unit48>
        <Filename Value="/usr/share/lazarus/lcl/include/winapi.inc"/>
        <CursorPos X="1" Y="290"/>
        <TopLine Value="269"/>
        <UsageCount Value="10"/>
      </Unit48>
      <Unit49>
        <Filename Value="/usr/share/lazarus/lcl/include/customform.inc"/>
        <CursorPos X="1" Y="1377"/>
        <TopLine Value="1356"/>
        <UsageCount Value="10"/>
      </Unit49>
      <Unit50>
        <Filename Value="/usr/share/fpcsrc/packages/fcl-base/src/inc/contnrs.pp"/>
        <UnitName Value="contnrs"/>
        <CursorPos X="5" Y="74"/>
        <TopLine Value="53"/>
        <UsageCount Value="10"/>
      </Unit50>
      <Unit51>
        <Filename Value="/usr/share/lazarus/components/tachart/taseries.pas"/>
        <UnitName Value="TASeries"/>
        <CursorPos X="1" Y="1627"/>
        <TopLine Value="1498"/>
        <UsageCount Value="10"/>
      </Unit51>
      <Unit52>
        <Filename Value="/usr/share/lazarus/lcl/grids.pas"/>
        <UnitName Value="Grids"/>
        <CursorPos X="34" Y="4263"/>
        <TopLine Value="4246"/>
        <UsageCount Value="10"/>
      </Unit52>
    </Units>
    <JumpHistory Count="30" HistoryIndex="29">
      <Position1>
        <Filename Value="Main.pas"/>
        <Caret Line="34" Column="27" TopLine="31"/>
      </Position1>
      <Position2>
        <Filename Value="Main.pas"/>
        <Caret Line="35" Column="27" TopLine="31"/>
      </Position2>
      <Position3>
        <Filename Value="Main.pas"/>
        <Caret Line="31" Column="27" TopLine="31"/>
      </Position3>
      <Position4>
        <Filename Value="Main.pas"/>
        <Caret Line="32" Column="27" TopLine="31"/>
      </Position4>
      <Position5>
        <Filename Value="Main.pas"/>
        <Caret Line="37" Column="27" TopLine="31"/>
      </Position5>
      <Position6>
        <Filename Value="Main.pas"/>
        <Caret Line="38" Column="27" TopLine="31"/>
      </Position6>
      <Position7>
        <Filename Value="Main.pas"/>
        <Caret Line="39" Column="27" TopLine="31"/>
      </Position7>
      <Position8>
        <Filename Value="Main.pas"/>
        <Caret Line="40" Column="27" TopLine="31"/>
      </Position8>
      <Position9>
        <Filename Value="Main.pas"/>
        <Caret Line="41" Column="27" TopLine="31"/>
      </Position9>
      <Position10>
        <Filename Value="Main.pas"/>
        <Caret Line="42" Column="27" TopLine="31"/>
      </Position10>
      <Position11>
        <Filename Value="Main.pas"/>
        <Caret Line="43" Column="27" TopLine="31"/>
      </Position11>
      <Position12>
        <Filename Value="Main.pas"/>
        <Caret Line="44" Column="27" TopLine="31"/>
      </Position12>
      <Position13>
        <Filename Value="Main.pas"/>
        <Caret Line="37" Column="27" TopLine="31"/>
      </Position13>
      <Position14>
        <Filename Value="Main.pas"/>
        <Caret Line="38" Column="27" TopLine="31"/>
      </Position14>
      <Position15>
        <Filename Value="Main.pas"/>
        <Caret Line="58" Column="24" TopLine="31"/>
      </Position15>
      <Position16>
        <Filename Value="ToolsGrid.pas"/>
        <Caret Line="13" Column="10" TopLine="13"/>
      </Position16>
      <Position17>
        <Filename Value="ToolsGrid.pas"/>
        <Caret Line="7" Column="45" TopLine="1"/>
      </Position17>
      <Position18>
        <Filename Value="Airports.pas"/>
        <Caret Line="354" Column="3" TopLine="324"/>
      </Position18>
      <Position19>
        <Filename Value="Airports.pas"/>
        <Caret Line="55" Column="46" TopLine="34"/>
      </Position19>
      <Position20>
        <Filename Value="Main.pas"/>
        <Caret Line="39" Column="27" TopLine="1"/>
      </Position20>
      <Position21>
        <Filename Value="Main.pas"/>
        <Caret Line="40" Column="27" TopLine="1"/>
      </Position21>
      <Position22>
        <Filename Value="Main.pas"/>
        <Caret Line="45" Column="27" TopLine="3"/>
      </Position22>
      <Position23>
        <Filename Value="Main.pas"/>
        <Caret Line="46" Column="27" TopLine="3"/>
      </Position23>
      <Position24>
        <Filename Value="Main.pas"/>
        <Caret Line="48" Column="27" TopLine="6"/>
      </Position24>
      <Position25>
        <Filename Value="Main.pas"/>
        <Caret Line="49" Column="27" TopLine="6"/>
      </Position25>
      <Position26>
        <Filename Value="Main.pas"/>
        <Caret Line="50" Column="27" TopLine="6"/>
      </Position26>
      <Position27>
        <Filename Value="Main.pas"/>
        <Caret Line="51" Column="27" TopLine="6"/>
      </Position27>
      <Position28>
        <Filename Value="Main.pas"/>
        <Caret Line="52" Column="27" TopLine="6"/>
      </Position28>
      <Position29>
        <Filename Value="Main.pas"/>
        <Caret Line="53" Column="27" TopLine="6"/>
      </Position29>
      <Position30>
        <Filename Value="Main.pas"/>
        <Caret Line="118" Column="51" TopLine="117"/>
      </Position30>
    </JumpHistory>
  </ProjectOptions>
  <CompilerOptions>
    <Version Value="5"/>
    <SearchPaths>
      <LCLWidgetType Value="gtk2"/>
    </SearchPaths>
    <CodeGeneration>
      <SmartLinkUnit Value="True"/>
      <Generate Value="Faster"/>
      <TargetProcessor Value="3"/>
      <TargetCPU Value="i386"/>
      <TargetOS Value="Linux"/>
    </CodeGeneration>
    <Linking>
      <LinkSmart Value="True"/>
    </Linking>
    <Other>
      <Verbosity>
        <ShoLineNum Value="True"/>
      </Verbosity>
      <CompilerPath Value="$(CompPath)"/>
    </Other>
  </CompilerOptions>
  <Debugging>
    <BreakPoints Count="2">
      <Item1>
        <Source Value="Main.pas"/>
        <Line Value="333"/>
      </Item1>
      <Item2>
        <Source Value="Main.pas"/>
        <Line Value="525"/>
      </Item2>
    </BreakPoints>
    <Exceptions Count="2">
      <Item1>
        <Name Value="ECodetoolError"/>
      </Item1>
      <Item2>
        <Name Value="EFOpenError"/>
      </Item2>
    </Exceptions>
  </Debugging>
</CONFIG>
